{
    "_meta": {
        "hash": {
            "sha256": "d19f1ee43cbb08e29401d578df17174c7a49a82948f66b65279cfe8e936d8530"
        },
        "pipfile-spec": 6,
        "requires": {
            "python_version": "3.10"
        },
        "sources": [
            {
                "name": "pypi",
                "url": "https://pypi.org/simple",
                "verify_ssl": true
            }
        ]
    },
    "default": {
        "confluent-kafka": {
            "hashes": [
                "sha256:0fb9ea56dc8d1773678f7ea3c1a1c0f59001502c8ff44df79142ab471915e81e",
                "sha256:10230c3da4cd047cf488cef405f6e209da4e8403c0e52e45b89b1d878420082b",
                "sha256:13f49fe760ff33c43c852c3e09ef7a914efea9a8a7e553080e13d611cd3eedad",
                "sha256:1448d6a5e8afd99c81221db2fd7cf33bd2079ce04df8ff5882b208911b0112a7",
                "sha256:2268a607d374325e3a8fc779d8639de4344ce4d1ad2b88e8f9d13d97baae4e71",
                "sha256:30a346908f3ad49c4bc1cb5557e7a8ce484190f8633aa18f9b87b2620809ac13",
                "sha256:30d40b0b43f0e15d830b610640eeb625ebd49cc792254fcdcd5ae7396d91004d",
                "sha256:32f5ea8ecee98d1c1afd523115cbdb719a6f87b852c19b8898fa76db95ec5f4a",
                "sha256:3e1915c428c044a5764fdd79cd12e94c961d9e74863ae1440287141173bf3138",
                "sha256:413d7a3d4caca6b2c28dbe86595ef17af83d679edea403bcb75fd5af3bd5afa7",
                "sha256:46734d24b0e0c8fd84b05174a7338a71eb3a7d34a494e4c458838f89c537508f",
                "sha256:4e4d4350f66eb3c4cd987f603f08974e461ce732dc63741744e09e0b490a3b1d",
                "sha256:514c4a4dcb522aacdc17fa3e2751ae8670553850c9e22844ac997ec6459b3a48",
                "sha256:5784cf3301470ce85a41b5dbcf1b7d4fe0ac31eee120f3c184b18ed79f32dc9f",
                "sha256:5a7a16592ce6c5fffdfec4f587ab887f478e68f70df14484184e4e8ec3a86c90",
                "sha256:635c62a51ec31ff82864043120dbc7c61eb62abf4e0682cc6ee8526e9b04e16d",
                "sha256:649ccde18b4f2ff509a16093a06ca13629e4f4b3146d4ef5a82805c869cf8cbd",
                "sha256:6b692f7e1af2c2085a342ffb0d1c2d0fd6664b3bff43a3c092c0c4d2c6c8f77b",
                "sha256:6b8b057d436d82c1b2d819915d03e2b446bfa55403acd440f9222509ba2147de",
                "sha256:7252fee8d7287bae71f1a506967b3782e67ba5b699c4d095d16fabce92a63cfd",
                "sha256:735c560ecb076e33eb5e14741a1cd55023f0cbc156e4d09f8591dcf9e55efc0b",
                "sha256:7eae0c1e49fb42e5085555c4387102034c0fe3194e2572049769ef4c30f733cc",
                "sha256:7eead1134e3aae9380bf5c923d93e25052cfca5b6a55bf99d11ebadf3ec6f21e",
                "sha256:82800e5cf27e21a7bbccb5aa6f2d9114ab253364526b08b0b97614369bf95612",
                "sha256:84c4e50aaf0a51402810bd82cc3b9601a17c866fb44a1aa310b7686009d06b56",
                "sha256:965743d6832d3947c29970eeeedcb3728dfe69b5296fd5578fdb18ce39792318",
                "sha256:9a80084018177238dbe0dd6562c46259e1883e2eaf9eef8945bf74f13fc69b5c",
                "sha256:a89e9ba5c8e18891b3bbf333001a9e12af43bd5bc3c3353065109582f3f078fc",
                "sha256:b81d70ba4fbb81350daccea9de7d99f190bb02bc4d0dfbb151ce9ddee501e245",
                "sha256:bba76d0965b31e61c9d7a45831e8f801f089af98a781508b74daeac54268b883",
                "sha256:bf706b1ebb540276791b5c42ac624c93195c34782848b24b2da1467caeef479b",
                "sha256:d5e841e2e2a75fab254acf806449ce013d4e72470bf0aa7c96469fa9b3829693",
                "sha256:ddb9400786eedd8a6c0cbcceaddb8329a2597f4c02dc72389e83859da47d22d6",
                "sha256:e7dd3a0607139ed3de4d3c511861ff8a84af0f04c47acb6c899f033540027c58",
                "sha256:ef5aad8c04c54fe6ef89dc08a4ba24a80be90b05bbbc3348370c1c51222e0a5e"
            ],
            "index": "pypi",
            "markers": "python_version >= '3.7'",
            "version": "==2.10.0"
        },
        "duckdb": {
            "hashes": [
                "sha256:0044e5ffb2d46308099640a92f99980a44e12bb68642aa9e6b08acbf300d64a1",
                "sha256:03981f7e8793f07a4a9a2ba387640e71d0a99ebcaf8693ab09f96d59e628b713",
                "sha256:09aaa4b1dca24f4d1f231e7ae66b6413e317b7e04e2753541d42df6c8113fac7",
                "sha256:0aa7a5c0dcb780850e6da1227fb1d552af8e1a5091e02667ab6ace61ab49ce6c",
                "sha256:0ba1c5af59e8147216149b814b1970b8f7e3c240494a9688171390db3c504b29",
                "sha256:1003e84c07b84680cee6d06e4795b6e861892474704f7972058594a52c7473cf",
                "sha256:176b9818d940c52ac7f31c64a98cf172d7c19d2a006017c9c4e9c06c246e36bf",
                "sha256:1a69b970553fd015c557238d427ef00be3c8ed58c3bc3641aef987e33f8bf614",
                "sha256:1d46b5a20f078b1b2284243e02a1fde7e12cbb8d205fce62e4700bcfe6a09881",
                "sha256:2d32f2d44105e1705d8a0fb6d6d246fd69aff82c80ad23293266244b66b69012",
                "sha256:30bf45ad78a5a997f378863e036e917b481d18d685e5c977cd0a3faf2e31fbaf",
                "sha256:3872a3a1b80ffba5264ea236a3754d0c41d3c7b01bdf8cdcb1c180fc1b8dc8e2",
                "sha256:57b794ca28e22b23bd170506cb1d4704a3608e67f0fe33273db9777b69bdf26a",
                "sha256:5855f3a564baf22eeeab70c120b51f5a11914f1f1634f03382daeb6b1dea4c62",
                "sha256:5cb813de2ca2f5e7c77392a67bdcaa174bfd69ebbfdfc983024af270c77a0447",
                "sha256:5f6b5d725546ad30abc125a6813734b493fea694bc3123e991c480744573c2f1",
                "sha256:60a58b85929754abb21db1e739d2f53eaef63e6015e62ba58eae3425030e7935",
                "sha256:6728e209570d36ece66dd7249e5d6055326321137cd807f26300733283930cd4",
                "sha256:7a0c993eb6df2b30b189ad747f3aea1b0b87b78ab7f80c6e7c57117b6e8dbfb0",
                "sha256:7cb254fd5405f3edbd7d962ba39c72e4ab90b37cb4d0e34846089796c8078419",
                "sha256:7e652b7c8dbdb91a94fd7d543d3e115d24a25aa0791a373a852e20cb7bb21154",
                "sha256:85cbd8e1d65df8a0780023baf5045d3033fabd154799bc9ea6d9ab5728f41eb3",
                "sha256:8754c40dac0f26d9fb0363bbb5df02f7a61ce6a6728d5efc02c3bc925d7c89c3",
                "sha256:8fc91b629646679e33806342510335ccbbeaf2b823186f0ae829fd48e7a63c66",
                "sha256:956c85842841bef68f4a5388c6b225b933151a7c06d568390fc895fc44607913",
                "sha256:992239b54ca6f015ad0ed0d80f3492c065313c4641df0a226183b8860cb7f5b0",
                "sha256:9b1fac15a48056f7c2739cf8800873063ba2f691e91a9b2fc167658a401ca76a",
                "sha256:a177d55a38a62fdf79b59a0eaa32531a1dbb443265f6d67f64992cc1e82b755c",
                "sha256:a7d337b58c59fd2cd9faae531b05d940f8d92bdc2e14cb6e9a5a37675ad2742d",
                "sha256:b1c30e3749823147d5578bc3f01f35d1a0433a1c768908d946056ec8d6e1757e",
                "sha256:b3cea3a345755c7dbcb58403dbab8befd499c82f0d27f893a4c1d4b8cf56ec54",
                "sha256:efe883d822ed56fcfbb6a7b397c13f6a0d2eaeb3bc4ef4510f84fadb3dfe416d",
                "sha256:f24038fe9b83dcbaeafb1ed76ec3b3f38943c1c8d27ab464ad384db8a6658b61",
                "sha256:fbdfc1c0b83b90f780ae74038187ee696bb56ab727a289752372d7ec42dda65b",
                "sha256:fc65c1e97aa010359c43c0342ea423e6efa3cb8c8e3f133b0765451ce674e3db",
                "sha256:fcbcc9b956b06cf5ee94629438ecab88de89b08b5620fcda93665c222ab18cd4"
            ],
            "index": "pypi",
            "markers": "python_full_version >= '3.7.0'",
            "version": "==1.3.0"
        }
    },
    "develop": {}
}
